
Microsoft Visual Studio Solution File, Format Version 12.00
# Visual Studio Version 16
VisualStudioVersion = 16.0.30907.101
MinimumVisualStudioVersion = 10.0.40219.1
Project("{FAE04EC0-301F-11D3-BF4B-00C04F79EFBC}") = "SimpleFibonacci", "SimpleFibonacci.csproj", "{67E772C2-4647-448B-AB6F-1B03FB4C7D0E}"
EndProject
Global
	GlobalSection(SolutionConfigurationPlatforms) = preSolution
		Debug|Any CPU = Debug|Any CPU
		Release|Any CPU = Release|Any CPU
	EndGlobalSection
	GlobalSection(ProjectConfigurationPlatforms) = postSolution
		{67E772C2-4647-448B-AB6F-1B03FB4C7D0E}.Debug|Any CPU.ActiveCfg = Debug|Any CPU
		{67E772C2-4647-448B-AB6F-1B03FB4C7D0E}.Debug|Any CPU.Build.0 = Debug|Any CPU
		{67E772C2-4647-448B-AB6F-1B03FB4C7D0E}.Release|Any CPU.ActiveCfg = Release|Any CPU
		{67E772C2-4647-448B-AB6F-1B03FB4C7D0E}.Release|Any CPU.Build.0 = Release|Any CPU
	EndGlobalSection
	GlobalSection(SolutionProperties) = preSolution
		HideSolutionNode = FALSE
	EndGlobalSection
	GlobalSection(ExtensibilityGlobals) = postSolution
		SolutionGuid = {F710F1E8-1408-4E9C-979A-E84DBDB25896}
	EndGlobalSection
EndGlobal
